// !$*UTF8*$!
{
	archiveVersion = 1;
	classes = {
	};
	objectVersion = 46;
	objects = {

/* Begin PBXBuildFile section */
		13A04CEB1C4DC60A00810433 /* main.m in Sources */ = {isa = PBXBuildFile; fileRef = 13A04CEA1C4DC60A00810433 /* main.m */; };
		13A04CEE1C4DC60A00810433 /* AppDelegate.m in Sources */ = {isa = PBXBuildFile; fileRef = 13A04CED1C4DC60A00810433 /* AppDelegate.m */; };
		13A04CF11C4DC60A00810433 /* ViewController.m in Sources */ = {isa = PBXBuildFile; fileRef = 13A04CF01C4DC60A00810433 /* ViewController.m */; };
		13A04CF41C4DC60A00810433 /* Main.storyboard in Resources */ = {isa = PBXBuildFile; fileRef = 13A04CF21C4DC60A00810433 /* Main.storyboard */; };
		13A04CF61C4DC60A00810433 /* Assets.xcassets in Resources */ = {isa = PBXBuildFile; fileRef = 13A04CF51C4DC60A00810433 /* Assets.xcassets */; };
		13A04CF91C4DC60A00810433 /* LaunchScreen.storyboard in Resources */ = {isa = PBXBuildFile; fileRef = 13A04CF71C4DC60A00810433 /* LaunchScreen.storyboard */; };
		13A04D031C4DC8C100810433 /* PAProcessView.m in Sources */ = {isa = PBXBuildFile; fileRef = 13A04D021C4DC8C100810433 /* PAProcessView.m */; };
/* End PBXBuildFile section */

/* Begin PBXFileReference section */
		13A04CE61C4DC60A00810433 /* PAProcessBarTest.app */ = {isa = PBXFileReference; explicitFileType = wrapper.application; includeInIndex = 0; path = PAProcessBarTest.app; sourceTree = BUILT_PRODUCTS_DIR; };
		13A04CEA1C4DC60A00810433 /* main.m */ = {isa = PBXFileReference; lastKnownFileType = sourcecode.c.objc; path = main.m; sourceTree = "<group>"; };
		13A04CEC1C4DC60A00810433 /* AppDelegate.h */ = {isa = PBXFileReference; lastKnownFileType = sourcecode.c.h; path = AppDelegate.h; sourceTree = "<group>"; };
		13A04CED1C4DC60A00810433 /* AppDelegate.m */ = {isa = PBXFileReference; lastKnownFileType = sourcecode.c.objc; path = AppDelegate.m; sourceTree = "<group>"; };
		13A04CEF1C4DC60A00810433 /* ViewController.h */ = {isa = PBXFileReference; lastKnownFileType = sourcecode.c.h; path = ViewController.h; sourceTree = "<group>"; };
		13A04CF01C4DC60A00810433 /* ViewController.m */ = {isa = PBXFileReference; lastKnownFileType = sourcecode.c.objc; path = ViewController.m; sourceTree = "<group>"; };
		13A04CF31C4DC60A00810433 /* Base */ = {isa = PBXFileReference; lastKnownFileType = file.storyboard; name = Base; path = Base.lproj/Main.storyboard; sourceTree = "<group>"; };
		13A04CF51C4DC60A00810433 /* Assets.xcassets */ = {isa = PBXFileReference; lastKnownFileType = folder.assetcatalog; path = Assets.xcassets; sourceTree = "<group>"; };
		13A04CF81C4DC60A00810433 /* Base */ = {isa = PBXFileReference; lastKnownFileType = file.storyboard; name = Base; path = Base.lproj/LaunchScreen.storyboard; sourceTree = "<group>"; };
		13A04CFA1C4DC60A00810433 /* Info.plist */ = {isa = PBXFileReference; lastKnownFileType = text.plist.xml; path = Info.plist; sourceTree = "<group>"; };
		13A04D011C4DC8C100810433 /* PAProcessView.h */ = {isa = PBXFileReference; fileEncoding = 4; lastKnownFileType = sourcecode.c.h; path = PAProcessView.h; sourceTree = "<group>"; };
		13A04D021C4DC8C100810433 /* PAProcessView.m */ = {isa = PBXFileReference; fileEncoding = 4; lastKnownFileType = sourcecode.c.objc; path = PAProcessView.m; sourceTree = "<group>"; };
		13A04D051C4DE60000810433 /* PATheme.h */ = {isa = PBXFileReference; fileEncoding = 4; lastKnownFileType = sourcecode.c.h; path = PATheme.h; sourceTree = "<group>"; };
/* End PBXFileReference section */

/* Begin PBXFrameworksBuildPhase section */
		13A04CE31C4DC60A00810433 /* Frameworks */ = {
			isa = PBXFrameworksBuildPhase;
			buildActionMask = 2147483647;
			files = (
			);
			runOnlyForDeploymentPostprocessing = 0;
		};
/* End PBXFrameworksBuildPhase section */

/* Begin PBXGroup section */
		13A04CDD1C4DC60A00810433 = {
			isa = PBXGroup;
			children = (
				13A04CE81C4DC60A00810433 /* PAProcessBarTest */,
				13A04CE71C4DC60A00810433 /* Products */,
			);
			sourceTree = "<group>";
		};
		13A04CE71C4DC60A00810433 /* Products */ = {
			isa = PBXGroup;
			children = (
				13A04CE61C4DC60A00810433 /* PAProcessBarTest.app */,
			);
			name = Products;
			sourceTree = "<group>";
		};
		13A04CE81C4DC60A00810433 /* PAProcessBarTest */ = {
			isa = PBXGroup;
			children = (
				13A04D051C4DE60000810433 /* PATheme.h */,
				13A04D001C4DC8A000810433 /* PAProcessView */,
				13A04CEC1C4DC60A00810433 /* AppDelegate.h */,
				13A04CED1C4DC60A00810433 /* AppDelegate.m */,
				13A04CEF1C4DC60A00810433 /* ViewController.h */,
				13A04CF01C4DC60A00810433 /* ViewController.m */,
				13A04CF21C4DC60A00810433 /* Main.storyboard */,
				13A04CF51C4DC60A00810433 /* Assets.xcassets */,
				13A04CF71C4DC60A00810433 /* LaunchScreen.storyboard */,
				13A04CFA1C4DC60A00810433 /* Info.plist */,
				13A04CE91C4DC60A00810433 /* Supporting Files */,
			);
			path = PAProcessBarTest;
			sourceTree = "<group>";
		};
		13A04CE91C4DC60A00810433 /* Supporting Files */ = {
			isa = PBXGroup;
			children = (
				13A04CEA1C4DC60A00810433 /* main.m */,
			);
			name = "Supporting Files";
			sourceTree = "<group>";
		};
		13A04D001C4DC8A000810433 /* PAProcessView */ = {
			isa = PBXGroup;
			children = (
				13A04D011C4DC8C100810433 /* PAProcessView.h */,
				13A04D021C4DC8C100810433 /* PAProcessView.m */,
			);
			path = PAProcessView;
			sourceTree = "<group>";
		};
/* End PBXGroup section */

/* Begin PBXNativeTarget section */
		13A04CE51C4DC60A00810433 /* PAProcessBarTest */ = {
			isa = PBXNativeTarget;
			buildConfigurationList = 13A04CFD1C4DC60A00810433 /* Build configuration list for PBXNativeTarget "PAProcessBarTest" */;
			buildPhases = (
				13A04CE21C4DC60A00810433 /* Sources */,
				13A04CE31C4DC60A00810433 /* Frameworks */,
				13A04CE41C4DC60A00810433 /* Resources */,
			);
			buildRules = (
			);
			dependencies = (
			);
			name = PAProcessBarTest;
			productName = PAProcessBarTest;
			productReference = 13A04CE61C4DC60A00810433 /* PAProcessBarTest.app */;
			productType = "com.apple.product-type.application";
		};
/* End PBXNativeTarget section */

/* Begin PBXProject section */
		13A04CDE1C4DC60A00810433 /* Project object */ = {
			isa = PBXProject;
			attributes = {
				LastUpgradeCheck = 0710;
				ORGANIZATIONNAME = admin;
				TargetAttributes = {
					13A04CE51C4DC60A00810433 = {
						CreatedOnToolsVersion = 7.1;
					};
				};
			};
			buildConfigurationList = 13A04CE11C4DC60A00810433 /* Build configuration list for PBXProject "PAProcessBarTest" */;
			compatibilityVersion = "Xcode 3.2";
			developmentRegion = English;
			hasScannedForEncodings = 0;
			knownRegions = (
				en,
				Base,
			);
			mainGroup = 13A04CDD1C4DC60A00810433;
			productRefGroup = 13A04CE71C4DC60A00810433 /* Products */;
			projectDirPath = "";
			projectRoot = "";
			targets = (
				13A04CE51C4DC60A00810433 /* PAProcessBarTest */,
			);
		};
/* End PBXProject section */

/* Begin PBXResourcesBuildPhase section */
		13A04CE41C4DC60A00810433 /* Resources */ = {
			isa = PBXResourcesBuildPhase;
			buildActionMask = 2147483647;
			files = (
				13A04CF91C4DC60A00810433 /* LaunchScreen.storyboard in Resources */,
				13A04CF61C4DC60A00810433 /* Assets.xcassets in Resources */,
				13A04CF41C4DC60A00810433 /* Main.storyboard in Resources */,
			);
			runOnlyForDeploymentPostprocessing = 0;
		};
/* End PBXResourcesBuildPhase section */

/* Begin PBXSourcesBuildPhase section */
		13A04CE21C4DC60A00810433 /* Sources */ = {
			isa = PBXSourcesBuildPhase;
			buildActionMask = 2147483647;
			files = (
				13A04CF11C4DC60A00810433 /* ViewController.m in Sources */,
				13A04D031C4DC8C100810433 /* PAProcessView.m in Sources */,
				13A04CEE1C4DC60A00810433 /* AppDelegate.m in Sources */,
				13A04CEB1C4DC60A00810433 /* main.m in Sources */,
			);
			runOnlyForDeploymentPostprocessing = 0;
		};
/* End PBXSourcesBuildPhase section */

/* Begin PBXVariantGroup section */
		13A04CF21C4DC60A00810433 /* Main.storyboard */ = {
			isa = PBXVariantGroup;
			children = (
				13A04CF31C4DC60A00810433 /* Base */,
			);
			name = Main.storyboard;
			sourceTree = "<group>";
		};
		13A04CF71C4DC60A00810433 /* LaunchScreen.storyboard */ = {
			isa = PBXVariantGroup;
			children = (
				13A04CF81C4DC60A00810433 /* Base */,
			);
			name = LaunchScreen.storyboard;
			sourceTree = "<group>";
		};
/* End PBXVariantGroup section */

/* Begin XCBuildConfiguration section */
		13A04CFB1C4DC60A00810433 /* Debug */ = {
			isa = XCBuildConfiguration;
			buildSettings = {
				ALWAYS_SEARCH_USER_PATHS = NO;
				CLANG_CXX_LANGUAGE_STANDARD = "gnu++0x";
				CLANG_CXX_LIBRARY = "libc++";
				CLANG_ENABLE_MODULES = YES;
				CLANG_ENABLE_OBJC_ARC = YES;
				CLANG_WARN_BOOL_CONVERSION = YES;
				CLANG_WARN_CONSTANT_CONVERSION = YES;
				CLANG_WARN_DIRECT_OBJC_ISA_USAGE = YES_ERROR;
				CLANG_WARN_EMPTY_BODY = YES;
				CLANG_WARN_ENUM_CONVERSION = YES;
				CLANG_WARN_INT_CONVERSION = YES;
				CLANG_WARN_OBJC_ROOT_CLASS = YES_ERROR;
				CLANG_WARN_UNREACHABLE_CODE = YES;
				CLANG_WARN__DUPLICATE_METHOD_MATCH = YES;
				"CODE_SIGN_IDENTITY[sdk=iphoneos*]" = "iPhone Developer";
				COPY_PHASE_STRIP = NO;
				DEBUG_INFORMATION_FORMAT = dwarf;
				ENABLE_STRICT_OBJC_MSGSEND = YES;
				ENABLE_TESTABILITY = YES;
				GCC_C_LANGUAGE_STANDARD = gnu99;
				GCC_DYNAMIC_NO_PIC = NO;
				GCC_NO_COMMON_BLOCKS = YES;
				GCC_OPTIMIZATION_LEVEL = 0;
				GCC_PREPROCESSOR_DEFINITIONS = (
					"DEBUG=1",
					"$(inherited)",
				);
				GCC_WARN_64_TO_32_BIT_CONVERSION = YES;
				GCC_WARN_ABOUT_RETURN_TYPE = YES_ERROR;
				GCC_WARN_UNDECLARED_SELECTOR = YES;
				GCC_WARN_UNINITIALIZED_AUTOS = YES_AGGRESSIVE;
				GCC_WARN_UNUSED_FUNCTION = YES;
				GCC_WARN_UNUSED_VARIABLE = YES;
				IPHONEOS_DEPLOYMENT_TARGET = 9.1;
				MTL_ENABLE_DEBUG_INFO = YES;
				ONLY_ACTIVE_ARCH = YES;
				SDKROOT = iphoneos;
			};
			name = Debug;
		};
		13A04CFC1C4DC60A00810433 /* Release */ = {
			isa = XCBuildConfiguration;
			buildSettings = {
				ALWAYS_SEARCH_USER_PATHS = NO;
				CLANG_CXX_LANGUAGE_STANDARD = "gnu++0x";
				CLANG_CXX_LIBRARY = "libc++";
				CLANG_ENABLE_MODULES = YES;
				CLANG_ENABLE_OBJC_ARC = YES;
				CLANG_WARN_BOOL_CONVERSION = YES;
				CLANG_WARN_CONSTANT_CONVERSION = YES;
				CLANG_WARN_DIRECT_OBJC_ISA_USAGE = YES_ERROR;
				CLANG_WARN_EMPTY_BODY = YES;
				CLANG_WARN_ENUM_CONVERSION = YES;
				CLANG_WARN_INT_CONVERSION = YES;
				CLANG_WARN_OBJC_ROOT_CLASS = YES_ERROR;
				CLANG_WARN_UNREACHABLE_CODE = YES;
				CLANG_WARN__DUPLICATE_METHOD_MATCH = YES;
				"CODE_SIGN_IDENTITY[sdk=iphoneos*]" = "iPhone Developer";
				COPY_PHASE_STRIP = NO;
				DEBUG_INFORMATION_FORMAT = "dwarf-with-dsym";
				ENABLE_NS_ASSERTIONS = NO;
				ENABLE_STRICT_OBJC_MSGSEND = YES;
				GCC_C_LANGUAGE_STANDARD = gnu99;
				GCC_NO_COMMON_BLOCKS = YES;
				GCC_WARN_64_TO_32_BIT_CONVERSION = YES;
				GCC_WARN_ABOUT_RETURN_TYPE = YES_ERROR;
				GCC_WARN_UNDECLARED_SELECTOR = YES;
				GCC_WARN_UNINITIALIZED_AUTOS = YES_AGGRESSIVE;
				GCC_WARN_UNUSED_FUNCTION = YES;
				GCC_WARN_UNUSED_VARIABLE = YES;
				IPHONEOS_DEPLOYMENT_TARGET = 9.1;
				MTL_ENABLE_DEBUG_INFO = NO;
				SDKROOT = iphoneos;
				VALIDATE_PRODUCT = YES;
			};
			name = Release;
		};
		13A04CFE1C4DC60A00810433 /* Debug */ = {
			isa = XCBuildConfiguration;
			buildSettings = {
				ASSETCATALOG_COMPILER_APPICON_NAME = AppIcon;
				INFOPLIST_FILE = PAProcessBarTest/Info.plist;
				LD_RUNPATH_SEARCH_PATHS = "$(inherited) @executable_path/Frameworks";
				PRODUCT_BUNDLE_IDENTIFIER = PinaAn.PAProcessBarTest;
				PRODUCT_NAME = "$(TARGET_NAME)";
			};
			name = Debug;
		};
		13A04CFF1C4DC60A00810433 /* Release */ = {
			isa = XCBuildConfiguration;
			buildSettings = {
				ASSETCATALOG_COMPILER_APPICON_NAME = AppIcon;
				INFOPLIST_FILE = PAProcessBarTest/Info.plist;
				LD_RUNPATH_SEARCH_PATHS = "$(inherited) @executable_path/Frameworks";
				PRODUCT_BUNDLE_IDENTIFIER = PinaAn.PAProcessBarTest;
				PRODUCT_NAME = "$(TARGET_NAME)";
			};
			name = Release;
		};
/* End XCBuildConfiguration section */

/* Begin XCConfigurationList section */
		13A04CE11C4DC60A00810433 /* Build configuration list for PBXProject "PAProcessBarTest" */ = {
			isa = XCConfigurationList;
			buildConfigurations = (
				13A04CFB1C4DC60A00810433 /* Debug */,
				13A04CFC1C4DC60A00810433 /* Release */,
			);
			defaultConfigurationIsVisible = 0;
			defaultConfigurationName = Release;
		};
		13A04CFD1C4DC60A00810433 /* Build configuration list for PBXNativeTarget "PAProcessBarTest" */ = {
			isa = XCConfigurationList;
			buildConfigurations = (
				13A04CFE1C4DC60A00810433 /* Debug */,
				13A04CFF1C4DC60A00810433 /* Release */,
			);
			defaultConfigurationIsVisible = 0;
		};
/* End XCConfigurationList section */
	};
	rootObject = 13A04CDE1C4DC60A00810433 /* Project object */;
}
